
Microsoft Visual Studio Solution File, Format Version 12.00
# Visual Studio Version 16
VisualStudioVersion = 16.0.30523.141
MinimumVisualStudioVersion = 10.0.40219.1
Project("{9A19103F-16F7-4668-BE54-9A1E7A4F7556}") = "AtelierRestApi", "AtelierRestApi\AtelierRestApi.csproj", "{1C43F95B-F7E2-420A-A4AF-86668367C595}"
EndProject
Project("{9A19103F-16F7-4668-BE54-9A1E7A4F7556}") = "ProjetBlazer", "..\ProjetBlazer\ProjetBlazer\ProjetBlazer.csproj", "{CE1E2910-809E-416D-B9C1-133209DE78D8}"
	ProjectSection(ProjectDependencies) = postProject
		{1C43F95B-F7E2-420A-A4AF-86668367C595} = {1C43F95B-F7E2-420A-A4AF-86668367C595}
	EndProjectSection
EndProject
Global
	GlobalSection(SolutionConfigurationPlatforms) = preSolution
		Debug|Any CPU = Debug|Any CPU
		Release|Any CPU = Release|Any CPU
	EndGlobalSection
	GlobalSection(ProjectConfigurationPlatforms) = postSolution
		{1C43F95B-F7E2-420A-A4AF-86668367C595}.Debug|Any CPU.ActiveCfg = Debug|Any CPU
		{1C43F95B-F7E2-420A-A4AF-86668367C595}.Debug|Any CPU.Build.0 = Debug|Any CPU
		{1C43F95B-F7E2-420A-A4AF-86668367C595}.Release|Any CPU.ActiveCfg = Release|Any CPU
		{1C43F95B-F7E2-420A-A4AF-86668367C595}.Release|Any CPU.Build.0 = Release|Any CPU
		{CE1E2910-809E-416D-B9C1-133209DE78D8}.Debug|Any CPU.ActiveCfg = Debug|Any CPU
		{CE1E2910-809E-416D-B9C1-133209DE78D8}.Debug|Any CPU.Build.0 = Debug|Any CPU
		{CE1E2910-809E-416D-B9C1-133209DE78D8}.Release|Any CPU.ActiveCfg = Release|Any CPU
		{CE1E2910-809E-416D-B9C1-133209DE78D8}.Release|Any CPU.Build.0 = Release|Any CPU
	EndGlobalSection
	GlobalSection(SolutionProperties) = preSolution
		HideSolutionNode = FALSE
	EndGlobalSection
	GlobalSection(ExtensibilityGlobals) = postSolution
		SolutionGuid = {143293A4-886F-4452-9216-50C4969853AC}
	EndGlobalSection
EndGlobal
